
Microsoft Visual Studio Solution File, Format Version 12.00
# Visual Studio Version 17
VisualStudioVersion = 17.4.33205.214
MinimumVisualStudioVersion = 10.0.40219.1
Project("{FAE04EC0-301F-11D3-BF4B-00C04F79EFBC}") = "StudentsManagerApp", "StudentsManagerApp\StudentsManagerApp.csproj", "{151B9BB9-528A-4F61-84A8-2120AE5120FB}"
EndProject
Global
	GlobalSection(SolutionConfigurationPlatforms) = preSolution
		Debug|Any CPU = Debug|Any CPU
		Release|Any CPU = Release|Any CPU
	EndGlobalSection
	GlobalSection(ProjectConfigurationPlatforms) = postSolution
		{151B9BB9-528A-4F61-84A8-2120AE5120FB}.Debug|Any CPU.ActiveCfg = Debug|Any CPU
		{151B9BB9-528A-4F61-84A8-2120AE5120FB}.Debug|Any CPU.Build.0 = Debug|Any CPU
		{151B9BB9-528A-4F61-84A8-2120AE5120FB}.Release|Any CPU.ActiveCfg = Release|Any CPU
		{151B9BB9-528A-4F61-84A8-2120AE5120FB}.Release|Any CPU.Build.0 = Release|Any CPU
	EndGlobalSection
	GlobalSection(SolutionProperties) = preSolution
		HideSolutionNode = FALSE
	EndGlobalSection
	GlobalSection(ExtensibilityGlobals) = postSolution
		SolutionGuid = {2A3DFFAE-6F14-47B9-A77D-095F60274867}
	EndGlobalSection
EndGlobal
