
Microsoft Visual Studio Solution File, Format Version 12.00
# Visual Studio Version 17
VisualStudioVersion = 17.14.36401.2
MinimumVisualStudioVersion = 10.0.40219.1
Project("{FAE04EC0-301F-11D3-BF4B-00C04F79EFBC}") = "StudentsManagerApp", "StudentsManagerApp\StudentsManagerApp.csproj", "{7DD47FAD-3A64-CB3B-CE9C-D7F4D74E4BB6}"
EndProject
Project("{FAE04EC0-301F-11D3-BF4B-00C04F79EFBC}") = "StudentsManagerApp.Android", "StudentsManagerApp.Android\StudentsManagerApp.Android.csproj", "{6942AC7B-5D9A-2D5B-4662-C427DB012A86}"
EndProject
Project("{FAE04EC0-301F-11D3-BF4B-00C04F79EFBC}") = "StudentsManagerApp.Browser", "StudentsManagerApp.Browser\StudentsManagerApp.Browser.csproj", "{67B0947A-6E45-BE21-AE8D-30DA7D2A43CF}"
EndProject
Project("{FAE04EC0-301F-11D3-BF4B-00C04F79EFBC}") = "StudentsManagerApp.Desktop", "StudentsManagerApp.Desktop\StudentsManagerApp.Desktop.csproj", "{9CD3013A-917F-C943-23D6-DABAF616B206}"
EndProject
Project("{FAE04EC0-301F-11D3-BF4B-00C04F79EFBC}") = "StudentsManagerApp.iOS", "StudentsManagerApp.iOS\StudentsManagerApp.iOS.csproj", "{EDA4A105-1D5F-235F-278F-6931220493D5}"
EndProject
Project("{FAE04EC0-301F-11D3-BF4B-00C04F79EFBC}") = "StudentsManagerApp.Tests", "StudentsManagerApp.Tests\StudentsManagerApp.Tests.csproj", "{69B8D1FE-F193-42C1-81C7-943E1F3AE5EE}"
EndProject
Global
	GlobalSection(SolutionConfigurationPlatforms) = preSolution
		Debug|Any CPU = Debug|Any CPU
		Release|Any CPU = Release|Any CPU
	EndGlobalSection
	GlobalSection(ProjectConfigurationPlatforms) = postSolution
		{7DD47FAD-3A64-CB3B-CE9C-D7F4D74E4BB6}.Debug|Any CPU.ActiveCfg = Debug|Any CPU
		{7DD47FAD-3A64-CB3B-CE9C-D7F4D74E4BB6}.Debug|Any CPU.Build.0 = Debug|Any CPU
		{7DD47FAD-3A64-CB3B-CE9C-D7F4D74E4BB6}.Release|Any CPU.ActiveCfg = Release|Any CPU
		{7DD47FAD-3A64-CB3B-CE9C-D7F4D74E4BB6}.Release|Any CPU.Build.0 = Release|Any CPU
		{6942AC7B-5D9A-2D5B-4662-C427DB012A86}.Debug|Any CPU.ActiveCfg = Debug|Any CPU
		{6942AC7B-5D9A-2D5B-4662-C427DB012A86}.Debug|Any CPU.Build.0 = Debug|Any CPU
		{6942AC7B-5D9A-2D5B-4662-C427DB012A86}.Debug|Any CPU.Deploy.0 = Debug|Any CPU
		{6942AC7B-5D9A-2D5B-4662-C427DB012A86}.Release|Any CPU.ActiveCfg = Release|Any CPU
		{6942AC7B-5D9A-2D5B-4662-C427DB012A86}.Release|Any CPU.Build.0 = Release|Any CPU
		{6942AC7B-5D9A-2D5B-4662-C427DB012A86}.Release|Any CPU.Deploy.0 = Release|Any CPU
		{67B0947A-6E45-BE21-AE8D-30DA7D2A43CF}.Debug|Any CPU.ActiveCfg = Debug|Any CPU
		{67B0947A-6E45-BE21-AE8D-30DA7D2A43CF}.Debug|Any CPU.Build.0 = Debug|Any CPU
		{67B0947A-6E45-BE21-AE8D-30DA7D2A43CF}.Release|Any CPU.ActiveCfg = Release|Any CPU
		{67B0947A-6E45-BE21-AE8D-30DA7D2A43CF}.Release|Any CPU.Build.0 = Release|Any CPU
		{9CD3013A-917F-C943-23D6-DABAF616B206}.Debug|Any CPU.ActiveCfg = Debug|Any CPU
		{9CD3013A-917F-C943-23D6-DABAF616B206}.Debug|Any CPU.Build.0 = Debug|Any CPU
		{9CD3013A-917F-C943-23D6-DABAF616B206}.Release|Any CPU.ActiveCfg = Release|Any CPU
		{9CD3013A-917F-C943-23D6-DABAF616B206}.Release|Any CPU.Build.0 = Release|Any CPU
		{EDA4A105-1D5F-235F-278F-6931220493D5}.Debug|Any CPU.ActiveCfg = Debug|Any CPU
		{EDA4A105-1D5F-235F-278F-6931220493D5}.Debug|Any CPU.Build.0 = Debug|Any CPU
		{EDA4A105-1D5F-235F-278F-6931220493D5}.Debug|Any CPU.Deploy.0 = Debug|Any CPU
		{EDA4A105-1D5F-235F-278F-6931220493D5}.Release|Any CPU.ActiveCfg = Release|Any CPU
		{EDA4A105-1D5F-235F-278F-6931220493D5}.Release|Any CPU.Build.0 = Release|Any CPU
		{EDA4A105-1D5F-235F-278F-6931220493D5}.Release|Any CPU.Deploy.0 = Release|Any CPU
		{69B8D1FE-F193-42C1-81C7-943E1F3AE5EE}.Debug|Any CPU.ActiveCfg = Debug|Any CPU
		{69B8D1FE-F193-42C1-81C7-943E1F3AE5EE}.Debug|Any CPU.Build.0 = Debug|Any CPU
		{69B8D1FE-F193-42C1-81C7-943E1F3AE5EE}.Release|Any CPU.ActiveCfg = Release|Any CPU
		{69B8D1FE-F193-42C1-81C7-943E1F3AE5EE}.Release|Any CPU.Build.0 = Release|Any CPU
	EndGlobalSection
	GlobalSection(SolutionProperties) = preSolution
		HideSolutionNode = FALSE
	EndGlobalSection
	GlobalSection(ExtensibilityGlobals) = postSolution
		SolutionGuid = {CDD7D73F-5016-48F3-A21B-8A815320E45A}
	EndGlobalSection
EndGlobal
